
Microsoft Visual Studio Solution File, Format Version 12.00
# Visual Studio Version 16
VisualStudioVersion = 16.0.29318.209
MinimumVisualStudioVersion = 10.0.40219.1
Project("{9A19103F-16F7-4668-BE54-9A1E7A4F7556}") = "ServicePortal", "ServicePortal\ServicePortal.csproj", "{F88FBE69-A48A-42F2-B82F-A04AF398842E}"
EndProject
Project("{9A19103F-16F7-4668-BE54-9A1E7A4F7556}") = "ServiceSuite.Data", "ServiceSuite.Data\ServiceSuite.Data.csproj", "{1FD2CACA-DE6C-43E3-8D37-4A9C5A2FFC14}"
EndProject
Project("{9A19103F-16F7-4668-BE54-9A1E7A4F7556}") = "ServiceSuite.Helpdesk", "ServiceSuite.Helpdesk\ServiceSuite.Helpdesk.csproj", "{F58E072E-D8EE-4253-AA61-766EE418F0CB}"
EndProject
Project("{9A19103F-16F7-4668-BE54-9A1E7A4F7556}") = "ServiceSuite", "ServiceSuite\ServiceSuite.csproj", "{20273F0B-027F-46AE-96E3-F6FE6BAEAACB}"
EndProject
Project("{2150E333-8FDC-42A3-9474-1A3956D46DE8}") = "Solution Items", "Solution Items", "{96A2C158-6324-49F1-8FFB-C1EB4C57D9FB}"
	ProjectSection(SolutionItems) = preProject
		README.md = README.md
	EndProjectSection
EndProject
Project("{FAE04EC0-301F-11D3-BF4B-00C04F79EFBC}") = "ServiceSuite.Project", "ServiceSuite.Project\ServiceSuite.Project.csproj", "{2EB04D5A-7AAF-4D2E-8FB9-05E2E29CA136}"
EndProject
Global
	GlobalSection(SolutionConfigurationPlatforms) = preSolution
		Debug|Any CPU = Debug|Any CPU
		Release|Any CPU = Release|Any CPU
	EndGlobalSection
	GlobalSection(ProjectConfigurationPlatforms) = postSolution
		{F88FBE69-A48A-42F2-B82F-A04AF398842E}.Debug|Any CPU.ActiveCfg = Debug|Any CPU
		{F88FBE69-A48A-42F2-B82F-A04AF398842E}.Debug|Any CPU.Build.0 = Debug|Any CPU
		{F88FBE69-A48A-42F2-B82F-A04AF398842E}.Release|Any CPU.ActiveCfg = Release|Any CPU
		{F88FBE69-A48A-42F2-B82F-A04AF398842E}.Release|Any CPU.Build.0 = Release|Any CPU
		{1FD2CACA-DE6C-43E3-8D37-4A9C5A2FFC14}.Debug|Any CPU.ActiveCfg = Debug|Any CPU
		{1FD2CACA-DE6C-43E3-8D37-4A9C5A2FFC14}.Debug|Any CPU.Build.0 = Debug|Any CPU
		{1FD2CACA-DE6C-43E3-8D37-4A9C5A2FFC14}.Release|Any CPU.ActiveCfg = Release|Any CPU
		{1FD2CACA-DE6C-43E3-8D37-4A9C5A2FFC14}.Release|Any CPU.Build.0 = Release|Any CPU
		{F58E072E-D8EE-4253-AA61-766EE418F0CB}.Debug|Any CPU.ActiveCfg = Debug|Any CPU
		{F58E072E-D8EE-4253-AA61-766EE418F0CB}.Debug|Any CPU.Build.0 = Debug|Any CPU
		{F58E072E-D8EE-4253-AA61-766EE418F0CB}.Release|Any CPU.ActiveCfg = Release|Any CPU
		{F58E072E-D8EE-4253-AA61-766EE418F0CB}.Release|Any CPU.Build.0 = Release|Any CPU
		{20273F0B-027F-46AE-96E3-F6FE6BAEAACB}.Debug|Any CPU.ActiveCfg = Debug|Any CPU
		{20273F0B-027F-46AE-96E3-F6FE6BAEAACB}.Debug|Any CPU.Build.0 = Debug|Any CPU
		{20273F0B-027F-46AE-96E3-F6FE6BAEAACB}.Release|Any CPU.ActiveCfg = Release|Any CPU
		{20273F0B-027F-46AE-96E3-F6FE6BAEAACB}.Release|Any CPU.Build.0 = Release|Any CPU
		{2EB04D5A-7AAF-4D2E-8FB9-05E2E29CA136}.Debug|Any CPU.ActiveCfg = Debug|Any CPU
		{2EB04D5A-7AAF-4D2E-8FB9-05E2E29CA136}.Debug|Any CPU.Build.0 = Debug|Any CPU
		{2EB04D5A-7AAF-4D2E-8FB9-05E2E29CA136}.Release|Any CPU.ActiveCfg = Release|Any CPU
		{2EB04D5A-7AAF-4D2E-8FB9-05E2E29CA136}.Release|Any CPU.Build.0 = Release|Any CPU
	EndGlobalSection
	GlobalSection(SolutionProperties) = preSolution
		HideSolutionNode = FALSE
	EndGlobalSection
	GlobalSection(ExtensibilityGlobals) = postSolution
		SolutionGuid = {A9258A14-F79F-47D8-A1CF-2E433ECCA52B}
	EndGlobalSection
EndGlobal
